
Microsoft Visual Studio Solution File, Format Version 12.00
# Visual Studio 2012
Project("{2150E333-8FDC-42A3-9474-1A3956D46DE8}") = "1. Presentation Layer", "1. Presentation Layer", "{D270A685-B896-4BFE-A196-5450B9DBCF7C}"
	ProjectSection(SolutionItems) = preProject
		DataView.html = DataView.html
	EndProjectSection
EndProject
Project("{2150E333-8FDC-42A3-9474-1A3956D46DE8}") = "2. Hosting Layer", "2. Hosting Layer", "{4C976285-5EB2-41C4-9B35-59E5EF4A8041}"
EndProject
Project("{2150E333-8FDC-42A3-9474-1A3956D46DE8}") = "3. Service Layer", "3. Service Layer", "{AE96147E-69CB-41F8-80B3-45AEF14877F7}"
EndProject
Project("{2150E333-8FDC-42A3-9474-1A3956D46DE8}") = "4. Business Layer", "4. Business Layer", "{3CDDE989-6263-433F-8549-7FB0F389755F}"
EndProject
Project("{2150E333-8FDC-42A3-9474-1A3956D46DE8}") = "5. Data Access Layer", "5. Data Access Layer", "{C7B6D8C4-4889-4950-B396-7A2A65090ACF}"
EndProject
Project("{2150E333-8FDC-42A3-9474-1A3956D46DE8}") = "6. Database", "6. Database", "{DA1DED3E-305B-459A-A76E-1C05E60ABA2F}"
EndProject
Project("{2150E333-8FDC-42A3-9474-1A3956D46DE8}") = "Framework", "Framework", "{4754624B-FA52-4F51-B056-E21084CBE9B5}"
EndProject
Project("{2150E333-8FDC-42A3-9474-1A3956D46DE8}") = "Test", "Test", "{6FFEB752-092C-417B-AC9F-DE4100E9F65C}"
EndProject
Project("{FAE04EC0-301F-11D3-BF4B-00C04F79EFBC}") = "ActionCapture", "ActionCapture\ActionCapture.csproj", "{DB409431-B332-4374-8485-2138BE3E7BB8}"
EndProject
Project("{FAE04EC0-301F-11D3-BF4B-00C04F79EFBC}") = "ReFindWordAddin", "ReFindWordAddin\ReFindWordAddin.csproj", "{C5D88DF5-0598-4318-AD9D-917AE4F87FE3}"
EndProject
Project("{FAE04EC0-301F-11D3-BF4B-00C04F79EFBC}") = "ReFindService", "ReFindService\ReFindService.csproj", "{21AD6639-B540-475F-9E25-F8EB4F2C0F3B}"
EndProject
Project("{FAE04EC0-301F-11D3-BF4B-00C04F79EFBC}") = "ReFind", "ReFind\ReFind.csproj", "{6AC54C22-7947-4708-9FFF-3967F4973D63}"
EndProject
Project("{FAE04EC0-301F-11D3-BF4B-00C04F79EFBC}") = "ReFindPdfExtractor", "ReFindPdfExtractor\ReFindPdfExtractor.csproj", "{B982904F-8433-4ABA-A6BB-15A08CA3AECD}"
EndProject
Project("{FAE04EC0-301F-11D3-BF4B-00C04F79EFBC}") = "PdfSniffer", "PdfSniffer\PdfSniffer.csproj", "{FA6450FD-671F-437E-922C-9D2C33DD99A4}"
EndProject
Project("{FAE04EC0-301F-11D3-BF4B-00C04F79EFBC}") = "ReFindBrowser", "ReFindBrowser\ReFindBrowser.csproj", "{7777907F-A118-4F0B-92B8-6BCEDFE8E2FB}"
EndProject
Project("{FAE04EC0-301F-11D3-BF4B-00C04F79EFBC}") = "ReFind.BusinessLayer", "ReFind.BusinessLayer\ReFind.BusinessLayer.csproj", "{27DFB73F-B7FD-4C83-84E0-0F9AC07A3BDF}"
EndProject
Project("{FAE04EC0-301F-11D3-BF4B-00C04F79EFBC}") = "ReFindController", "ReFindController\ReFindController.csproj", "{AEA8AFAB-D791-4F0A-9795-AB3CC0B013D7}"
EndProject
Project("{FAE04EC0-301F-11D3-BF4B-00C04F79EFBC}") = "FileMonInject", "FileMonInject\FileMonInject.csproj", "{FBD3CB15-8112-4127-8578-BC93BDAA74A5}"
EndProject
Project("{FAE04EC0-301F-11D3-BF4B-00C04F79EFBC}") = "ConsoleTest", "ConsoleTest\ConsoleTest.csproj", "{5950F6AB-DF41-4911-A8B2-995DF5E3FF69}"
EndProject
Project("{FAE04EC0-301F-11D3-BF4B-00C04F79EFBC}") = "ReFindPrinter", "ReFindPrinter\ReFindPrinter.csproj", "{44BC41DD-90BF-40E1-B768-395CF29DC467}"
EndProject
Project("{FAE04EC0-301F-11D3-BF4B-00C04F79EFBC}") = "InkliiOutlookAddin", "InkliiOutlookAddin\InkliiOutlookAddin.csproj", "{72390CA3-51C4-4A52-A7C2-48A093A22164}"
EndProject
Project("{FAE04EC0-301F-11D3-BF4B-00C04F79EFBC}") = "CheckMSOffice", "CheckMSOffice\CheckMSOffice.csproj", "{268AF745-AA2C-4CF5-B65A-A28972165FE2}"
EndProject
Global
	GlobalSection(SolutionConfigurationPlatforms) = preSolution
		Debug|Any CPU = Debug|Any CPU
		Debug|x86 = Debug|x86
		Release|Any CPU = Release|Any CPU
		Release|x86 = Release|x86
	EndGlobalSection
	GlobalSection(ProjectConfigurationPlatforms) = postSolution
		{DB409431-B332-4374-8485-2138BE3E7BB8}.Debug|Any CPU.ActiveCfg = Debug|Any CPU
		{DB409431-B332-4374-8485-2138BE3E7BB8}.Debug|Any CPU.Build.0 = Debug|Any CPU
		{DB409431-B332-4374-8485-2138BE3E7BB8}.Debug|x86.ActiveCfg = Debug|Any CPU
		{DB409431-B332-4374-8485-2138BE3E7BB8}.Release|Any CPU.ActiveCfg = Release|Any CPU
		{DB409431-B332-4374-8485-2138BE3E7BB8}.Release|Any CPU.Build.0 = Release|Any CPU
		{DB409431-B332-4374-8485-2138BE3E7BB8}.Release|x86.ActiveCfg = Release|Any CPU
		{C5D88DF5-0598-4318-AD9D-917AE4F87FE3}.Debug|Any CPU.ActiveCfg = Debug|Any CPU
		{C5D88DF5-0598-4318-AD9D-917AE4F87FE3}.Debug|Any CPU.Build.0 = Debug|Any CPU
		{C5D88DF5-0598-4318-AD9D-917AE4F87FE3}.Debug|x86.ActiveCfg = Debug|Any CPU
		{C5D88DF5-0598-4318-AD9D-917AE4F87FE3}.Release|Any CPU.ActiveCfg = Release|Any CPU
		{C5D88DF5-0598-4318-AD9D-917AE4F87FE3}.Release|Any CPU.Build.0 = Release|Any CPU
		{C5D88DF5-0598-4318-AD9D-917AE4F87FE3}.Release|x86.ActiveCfg = Release|Any CPU
		{21AD6639-B540-475F-9E25-F8EB4F2C0F3B}.Debug|Any CPU.ActiveCfg = Debug|Any CPU
		{21AD6639-B540-475F-9E25-F8EB4F2C0F3B}.Debug|Any CPU.Build.0 = Debug|Any CPU
		{21AD6639-B540-475F-9E25-F8EB4F2C0F3B}.Debug|x86.ActiveCfg = Debug|Any CPU
		{21AD6639-B540-475F-9E25-F8EB4F2C0F3B}.Release|Any CPU.ActiveCfg = Release|Any CPU
		{21AD6639-B540-475F-9E25-F8EB4F2C0F3B}.Release|Any CPU.Build.0 = Release|Any CPU
		{21AD6639-B540-475F-9E25-F8EB4F2C0F3B}.Release|x86.ActiveCfg = Release|Any CPU
		{6AC54C22-7947-4708-9FFF-3967F4973D63}.Debug|Any CPU.ActiveCfg = Debug|Any CPU
		{6AC54C22-7947-4708-9FFF-3967F4973D63}.Debug|Any CPU.Build.0 = Debug|Any CPU
		{6AC54C22-7947-4708-9FFF-3967F4973D63}.Debug|x86.ActiveCfg = Debug|Any CPU
		{6AC54C22-7947-4708-9FFF-3967F4973D63}.Release|Any CPU.ActiveCfg = Release|Any CPU
		{6AC54C22-7947-4708-9FFF-3967F4973D63}.Release|Any CPU.Build.0 = Release|Any CPU
		{6AC54C22-7947-4708-9FFF-3967F4973D63}.Release|x86.ActiveCfg = Release|Any CPU
		{B982904F-8433-4ABA-A6BB-15A08CA3AECD}.Debug|Any CPU.ActiveCfg = Debug|Any CPU
		{B982904F-8433-4ABA-A6BB-15A08CA3AECD}.Debug|Any CPU.Build.0 = Debug|Any CPU
		{B982904F-8433-4ABA-A6BB-15A08CA3AECD}.Debug|x86.ActiveCfg = Debug|Any CPU
		{B982904F-8433-4ABA-A6BB-15A08CA3AECD}.Release|Any CPU.ActiveCfg = Release|Any CPU
		{B982904F-8433-4ABA-A6BB-15A08CA3AECD}.Release|Any CPU.Build.0 = Release|Any CPU
		{B982904F-8433-4ABA-A6BB-15A08CA3AECD}.Release|x86.ActiveCfg = Release|Any CPU
		{FA6450FD-671F-437E-922C-9D2C33DD99A4}.Debug|Any CPU.ActiveCfg = Debug|Any CPU
		{FA6450FD-671F-437E-922C-9D2C33DD99A4}.Debug|Any CPU.Build.0 = Debug|Any CPU
		{FA6450FD-671F-437E-922C-9D2C33DD99A4}.Debug|x86.ActiveCfg = Debug|Any CPU
		{FA6450FD-671F-437E-922C-9D2C33DD99A4}.Release|Any CPU.ActiveCfg = Release|Any CPU
		{FA6450FD-671F-437E-922C-9D2C33DD99A4}.Release|Any CPU.Build.0 = Release|Any CPU
		{FA6450FD-671F-437E-922C-9D2C33DD99A4}.Release|x86.ActiveCfg = Release|Any CPU
		{7777907F-A118-4F0B-92B8-6BCEDFE8E2FB}.Debug|Any CPU.ActiveCfg = Debug|Any CPU
		{7777907F-A118-4F0B-92B8-6BCEDFE8E2FB}.Debug|Any CPU.Build.0 = Debug|Any CPU
		{7777907F-A118-4F0B-92B8-6BCEDFE8E2FB}.Debug|x86.ActiveCfg = Debug|Any CPU
		{7777907F-A118-4F0B-92B8-6BCEDFE8E2FB}.Release|Any CPU.ActiveCfg = Release|Any CPU
		{7777907F-A118-4F0B-92B8-6BCEDFE8E2FB}.Release|Any CPU.Build.0 = Release|Any CPU
		{7777907F-A118-4F0B-92B8-6BCEDFE8E2FB}.Release|x86.ActiveCfg = Release|Any CPU
		{27DFB73F-B7FD-4C83-84E0-0F9AC07A3BDF}.Debug|Any CPU.ActiveCfg = Debug|Any CPU
		{27DFB73F-B7FD-4C83-84E0-0F9AC07A3BDF}.Debug|Any CPU.Build.0 = Debug|Any CPU
		{27DFB73F-B7FD-4C83-84E0-0F9AC07A3BDF}.Debug|x86.ActiveCfg = Debug|Any CPU
		{27DFB73F-B7FD-4C83-84E0-0F9AC07A3BDF}.Release|Any CPU.ActiveCfg = Release|Any CPU
		{27DFB73F-B7FD-4C83-84E0-0F9AC07A3BDF}.Release|Any CPU.Build.0 = Release|Any CPU
		{27DFB73F-B7FD-4C83-84E0-0F9AC07A3BDF}.Release|x86.ActiveCfg = Release|Any CPU
		{AEA8AFAB-D791-4F0A-9795-AB3CC0B013D7}.Debug|Any CPU.ActiveCfg = Debug|Any CPU
		{AEA8AFAB-D791-4F0A-9795-AB3CC0B013D7}.Debug|Any CPU.Build.0 = Debug|Any CPU
		{AEA8AFAB-D791-4F0A-9795-AB3CC0B013D7}.Debug|x86.ActiveCfg = Debug|Any CPU
		{AEA8AFAB-D791-4F0A-9795-AB3CC0B013D7}.Release|Any CPU.ActiveCfg = Release|Any CPU
		{AEA8AFAB-D791-4F0A-9795-AB3CC0B013D7}.Release|Any CPU.Build.0 = Release|Any CPU
		{AEA8AFAB-D791-4F0A-9795-AB3CC0B013D7}.Release|x86.ActiveCfg = Release|Any CPU
		{FBD3CB15-8112-4127-8578-BC93BDAA74A5}.Debug|Any CPU.ActiveCfg = Debug|Any CPU
		{FBD3CB15-8112-4127-8578-BC93BDAA74A5}.Debug|Any CPU.Build.0 = Debug|Any CPU
		{FBD3CB15-8112-4127-8578-BC93BDAA74A5}.Debug|x86.ActiveCfg = Debug|Any CPU
		{FBD3CB15-8112-4127-8578-BC93BDAA74A5}.Release|Any CPU.ActiveCfg = Release|Any CPU
		{FBD3CB15-8112-4127-8578-BC93BDAA74A5}.Release|Any CPU.Build.0 = Release|Any CPU
		{FBD3CB15-8112-4127-8578-BC93BDAA74A5}.Release|x86.ActiveCfg = Release|Any CPU
		{5950F6AB-DF41-4911-A8B2-995DF5E3FF69}.Debug|Any CPU.ActiveCfg = Debug|Any CPU
		{5950F6AB-DF41-4911-A8B2-995DF5E3FF69}.Debug|Any CPU.Build.0 = Debug|Any CPU
		{5950F6AB-DF41-4911-A8B2-995DF5E3FF69}.Debug|x86.ActiveCfg = Debug|x86
		{5950F6AB-DF41-4911-A8B2-995DF5E3FF69}.Debug|x86.Build.0 = Debug|x86
		{5950F6AB-DF41-4911-A8B2-995DF5E3FF69}.Release|Any CPU.ActiveCfg = Release|Any CPU
		{5950F6AB-DF41-4911-A8B2-995DF5E3FF69}.Release|Any CPU.Build.0 = Release|Any CPU
		{5950F6AB-DF41-4911-A8B2-995DF5E3FF69}.Release|x86.ActiveCfg = Release|x86
		{5950F6AB-DF41-4911-A8B2-995DF5E3FF69}.Release|x86.Build.0 = Release|x86
		{44BC41DD-90BF-40E1-B768-395CF29DC467}.Debug|Any CPU.ActiveCfg = Debug|Any CPU
		{44BC41DD-90BF-40E1-B768-395CF29DC467}.Debug|Any CPU.Build.0 = Debug|Any CPU
		{44BC41DD-90BF-40E1-B768-395CF29DC467}.Debug|x86.ActiveCfg = Debug|Any CPU
		{44BC41DD-90BF-40E1-B768-395CF29DC467}.Release|Any CPU.ActiveCfg = Release|Any CPU
		{44BC41DD-90BF-40E1-B768-395CF29DC467}.Release|Any CPU.Build.0 = Release|Any CPU
		{44BC41DD-90BF-40E1-B768-395CF29DC467}.Release|x86.ActiveCfg = Release|Any CPU
		{72390CA3-51C4-4A52-A7C2-48A093A22164}.Debug|Any CPU.ActiveCfg = Debug|Any CPU
		{72390CA3-51C4-4A52-A7C2-48A093A22164}.Debug|Any CPU.Build.0 = Debug|Any CPU
		{72390CA3-51C4-4A52-A7C2-48A093A22164}.Debug|x86.ActiveCfg = Debug|Any CPU
		{72390CA3-51C4-4A52-A7C2-48A093A22164}.Release|Any CPU.ActiveCfg = Release|Any CPU
		{72390CA3-51C4-4A52-A7C2-48A093A22164}.Release|Any CPU.Build.0 = Release|Any CPU
		{72390CA3-51C4-4A52-A7C2-48A093A22164}.Release|x86.ActiveCfg = Release|Any CPU
		{268AF745-AA2C-4CF5-B65A-A28972165FE2}.Debug|Any CPU.ActiveCfg = Debug|Any CPU
		{268AF745-AA2C-4CF5-B65A-A28972165FE2}.Debug|Any CPU.Build.0 = Debug|Any CPU
		{268AF745-AA2C-4CF5-B65A-A28972165FE2}.Debug|x86.ActiveCfg = Debug|Any CPU
		{268AF745-AA2C-4CF5-B65A-A28972165FE2}.Release|Any CPU.ActiveCfg = Release|Any CPU
		{268AF745-AA2C-4CF5-B65A-A28972165FE2}.Release|Any CPU.Build.0 = Release|Any CPU
		{268AF745-AA2C-4CF5-B65A-A28972165FE2}.Release|x86.ActiveCfg = Release|Any CPU
	EndGlobalSection
	GlobalSection(SolutionProperties) = preSolution
		HideSolutionNode = FALSE
	EndGlobalSection
	GlobalSection(NestedProjects) = preSolution
		{21AD6639-B540-475F-9E25-F8EB4F2C0F3B} = {AE96147E-69CB-41F8-80B3-45AEF14877F7}
		{27DFB73F-B7FD-4C83-84E0-0F9AC07A3BDF} = {3CDDE989-6263-433F-8549-7FB0F389755F}
		{6AC54C22-7947-4708-9FFF-3967F4973D63} = {4754624B-FA52-4F51-B056-E21084CBE9B5}
		{DB409431-B332-4374-8485-2138BE3E7BB8} = {6FFEB752-092C-417B-AC9F-DE4100E9F65C}
		{C5D88DF5-0598-4318-AD9D-917AE4F87FE3} = {6FFEB752-092C-417B-AC9F-DE4100E9F65C}
		{B982904F-8433-4ABA-A6BB-15A08CA3AECD} = {6FFEB752-092C-417B-AC9F-DE4100E9F65C}
		{FA6450FD-671F-437E-922C-9D2C33DD99A4} = {6FFEB752-092C-417B-AC9F-DE4100E9F65C}
		{7777907F-A118-4F0B-92B8-6BCEDFE8E2FB} = {6FFEB752-092C-417B-AC9F-DE4100E9F65C}
		{AEA8AFAB-D791-4F0A-9795-AB3CC0B013D7} = {6FFEB752-092C-417B-AC9F-DE4100E9F65C}
		{FBD3CB15-8112-4127-8578-BC93BDAA74A5} = {6FFEB752-092C-417B-AC9F-DE4100E9F65C}
		{5950F6AB-DF41-4911-A8B2-995DF5E3FF69} = {6FFEB752-092C-417B-AC9F-DE4100E9F65C}
		{44BC41DD-90BF-40E1-B768-395CF29DC467} = {6FFEB752-092C-417B-AC9F-DE4100E9F65C}
		{72390CA3-51C4-4A52-A7C2-48A093A22164} = {6FFEB752-092C-417B-AC9F-DE4100E9F65C}
		{268AF745-AA2C-4CF5-B65A-A28972165FE2} = {6FFEB752-092C-417B-AC9F-DE4100E9F65C}
	EndGlobalSection
EndGlobal
